
Microsoft Visual Studio Solution File, Format Version 12.00
# Visual Studio Version 17
VisualStudioVersion = 17.4.33110.190
MinimumVisualStudioVersion = 10.0.40219.1
Project("{FAE04EC0-301F-11D3-BF4B-00C04F79EFBC}") = "AutoVendas", "AutoVendas\AutoVendas.csproj", "{D5A708AB-1DB9-47F7-A4A1-D1349C8D473D}"
EndProject
Global
	GlobalSection(SolutionConfigurationPlatforms) = preSolution
		Debug|Any CPU = Debug|Any CPU
		Release|Any CPU = Release|Any CPU
	EndGlobalSection
	GlobalSection(ProjectConfigurationPlatforms) = postSolution
		{D5A708AB-1DB9-47F7-A4A1-D1349C8D473D}.Debug|Any CPU.ActiveCfg = Debug|Any CPU
		{D5A708AB-1DB9-47F7-A4A1-D1349C8D473D}.Debug|Any CPU.Build.0 = Debug|Any CPU
		{D5A708AB-1DB9-47F7-A4A1-D1349C8D473D}.Release|Any CPU.ActiveCfg = Release|Any CPU
		{D5A708AB-1DB9-47F7-A4A1-D1349C8D473D}.Release|Any CPU.Build.0 = Release|Any CPU
	EndGlobalSection
	GlobalSection(SolutionProperties) = preSolution
		HideSolutionNode = FALSE
	EndGlobalSection
	GlobalSection(ExtensibilityGlobals) = postSolution
		SolutionGuid = {6813A8C7-F71A-41E5-83E2-64B562577AE5}
	EndGlobalSection
EndGlobal
